
Microsoft Visual Studio Solution File, Format Version 12.00
# Visual Studio Version 17
VisualStudioVersion = 17.5.002.0
MinimumVisualStudioVersion = 10.0.40219.1
Project("{9A19103F-16F7-4668-BE54-9A1E7A4F7556}") = "BaiTapKeThua02", "BaiTapKeThua02.csproj", "{31E874B8-AF7D-4CC6-B334-1166787EAA19}"
EndProject
Global
	GlobalSection(SolutionConfigurationPlatforms) = preSolution
		Debug|Any CPU = Debug|Any CPU
		Release|Any CPU = Release|Any CPU
	EndGlobalSection
	GlobalSection(ProjectConfigurationPlatforms) = postSolution
		{31E874B8-AF7D-4CC6-B334-1166787EAA19}.Debug|Any CPU.ActiveCfg = Debug|Any CPU
		{31E874B8-AF7D-4CC6-B334-1166787EAA19}.Debug|Any CPU.Build.0 = Debug|Any CPU
		{31E874B8-AF7D-4CC6-B334-1166787EAA19}.Release|Any CPU.ActiveCfg = Release|Any CPU
		{31E874B8-AF7D-4CC6-B334-1166787EAA19}.Release|Any CPU.Build.0 = Release|Any CPU
	EndGlobalSection
	GlobalSection(SolutionProperties) = preSolution
		HideSolutionNode = FALSE
	EndGlobalSection
	GlobalSection(ExtensibilityGlobals) = postSolution
		SolutionGuid = {83F55F13-D86C-4D69-BEE9-180EB4F8403D}
	EndGlobalSection
EndGlobal
